[root]
name = "cog"
version = "0.0.1"
dependencies = [
 "ncurses 5.73.0 (registry+https://github.com/rust-lang/crates.io-index)",
 "nom 0.3.1 (registry+https://github.com/rust-lang/crates.io-index)",
]

[[package]]
name = "libc"
version = "0.1.8"
source = "registry+https://github.com/rust-lang/crates.io-index"

[[package]]
name = "ncurses"
version = "5.73.0"
source = "registry+https://github.com/rust-lang/crates.io-index"
dependencies = [
 "libc 0.1.8 (registry+https://github.com/rust-lang/crates.io-index)",
]

[[package]]
name = "nom"
version = "0.3.1"
source = "registry+https://github.com/rust-lang/crates.io-index"

